
Microsoft Visual Studio Solution File, Format Version 12.00
# Visual Studio Version 16
VisualStudioVersion = 16.0.33529.622
MinimumVisualStudioVersion = 10.0.40219.1
Project("{FAE04EC0-301F-11D3-BF4B-00C04F79EFBC}") = "NT106_LAB5", "NT106_LAB5.csproj", "{1824C879-DADF-4267-A60C-C752EA0F497C}"
EndProject
Global
	GlobalSection(SolutionConfigurationPlatforms) = preSolution
		Debug|Any CPU = Debug|Any CPU
		Release|Any CPU = Release|Any CPU
	EndGlobalSection
	GlobalSection(ProjectConfigurationPlatforms) = postSolution
		{1824C879-DADF-4267-A60C-C752EA0F497C}.Debug|Any CPU.ActiveCfg = Debug|Any CPU
		{1824C879-DADF-4267-A60C-C752EA0F497C}.Debug|Any CPU.Build.0 = Debug|Any CPU
		{1824C879-DADF-4267-A60C-C752EA0F497C}.Release|Any CPU.ActiveCfg = Release|Any CPU
		{1824C879-DADF-4267-A60C-C752EA0F497C}.Release|Any CPU.Build.0 = Release|Any CPU
	EndGlobalSection
	GlobalSection(SolutionProperties) = preSolution
		HideSolutionNode = FALSE
	EndGlobalSection
	GlobalSection(ExtensibilityGlobals) = postSolution
		SolutionGuid = {00AD3942-804E-4222-8EC0-27412A0DEF73}
	EndGlobalSection
EndGlobal
